
Microsoft Visual Studio Solution File, Format Version 12.00
# Visual Studio Version 17
VisualStudioVersion = 17.7.34031.279
MinimumVisualStudioVersion = 10.0.40219.1
Project("{FAE04EC0-301F-11D3-BF4B-00C04F79EFBC}") = "VideoGameStore", "VideoGameStore\VideoGameStore.csproj", "{D430B8FD-F74C-4AB1-8DB1-2EBD01229DB2}"
EndProject
Global
	GlobalSection(SolutionConfigurationPlatforms) = preSolution
		Debug|Any CPU = Debug|Any CPU
		Release|Any CPU = Release|Any CPU
	EndGlobalSection
	GlobalSection(ProjectConfigurationPlatforms) = postSolution
		{D430B8FD-F74C-4AB1-8DB1-2EBD01229DB2}.Debug|Any CPU.ActiveCfg = Debug|Any CPU
		{D430B8FD-F74C-4AB1-8DB1-2EBD01229DB2}.Debug|Any CPU.Build.0 = Debug|Any CPU
		{D430B8FD-F74C-4AB1-8DB1-2EBD01229DB2}.Release|Any CPU.ActiveCfg = Release|Any CPU
		{D430B8FD-F74C-4AB1-8DB1-2EBD01229DB2}.Release|Any CPU.Build.0 = Release|Any CPU
	EndGlobalSection
	GlobalSection(SolutionProperties) = preSolution
		HideSolutionNode = FALSE
	EndGlobalSection
	GlobalSection(ExtensibilityGlobals) = postSolution
		SolutionGuid = {E8F83ABD-6BF8-424D-AC49-085F65B86B4B}
	EndGlobalSection
EndGlobal
